
Microsoft Visual Studio Solution File, Format Version 12.00
Project("{2150E333-8FDC-42A3-9474-1A3956D46DE8}") = "Solution Items", "Solution Items", "{642A9775-940C-4D37-84FF-8C452353C506}"
	ProjectSection(SolutionItems) = preProject
		.gitignore = .gitignore
		Changelog.md = Changelog.md
		Readme.md = Readme.md
		Build\Build.Configuration.cs = Build\Build.Configuration.cs
	EndProjectSection
EndProject
Project("{2150E333-8FDC-42A3-9474-1A3956D46DE8}") = "Automation", "Automation", "{B66E43AA-D6D4-4063-B932-6841A203B4B2}"
EndProject
Project("{94B07A4F-30B0-4882-9C6D-43F23E14FDC7}") = "Build", "build\Build.csproj", "{F2283ACA-E64F-4FB4-A090-C28D15328A00}"
EndProject
Project("{94B07A4F-30B0-4882-9C6D-43F23E14FDC7}") = "Installer", "install\Installer.csproj", "{AF046DFE-3F0F-4582-87AB-541992E5C234}"
EndProject
Project("{2150E333-8FDC-42A3-9474-1A3956D46DE8}") = "Schematics", "Schematics", "{AEBDA93E-2124-470A-8AC7-AA3D226A157B}"
EndProject
Project("{9A19103F-16F7-4668-BE54-9A1E7A4F7556}") = "ViewOfPipeSystems", "source\ViewOfPipeSystems\ViewOfPipeSystems.csproj", "{D8682917-974C-4BD4-BC10-2BD72191A6B1}"
EndProject
Project("{2150E333-8FDC-42A3-9474-1A3956D46DE8}") = "Specifications", "Specifications", "{C1F24C26-4969-4A7E-9068-40EFF31B1694}"
EndProject
Project("{9A19103F-16F7-4668-BE54-9A1E7A4F7556}") = "UpdatingParameters", "source\UpdatingParameters\UpdatingParameters.csproj", "{AE5379E9-F63E-4C72-8BE9-9AABB4E8EF5D}"
EndProject
Project("{2150E333-8FDC-42A3-9474-1A3956D46DE8}") = "Modeling", "Modeling", "{34A54EB0-B46A-42DE-A629-A14640AB9F79}"
EndProject
Project("{9A19103F-16F7-4668-BE54-9A1E7A4F7556}") = "SystemModelingCommands", "source\SystemModelingComands\SystemModelingCommands.csproj", "{2F95F98D-B177-4726-A7B8-3F4FF3B760AA}"
EndProject
Project("{2150E333-8FDC-42A3-9474-1A3956D46DE8}") = "NoNameContext", "NoNameContext", "{770560F6-AC3C-4FFD-A400-A07322608C68}"
EndProject
Project("{9A19103F-16F7-4668-BE54-9A1E7A4F7556}") = "NoNameAPI", "source\NoNameAPI\NoNameAPI.csproj", "{1F2B9DDF-EB2F-4845-AB30-23F3CD9E7CAE}"
EndProject
Project("{9A19103F-16F7-4668-BE54-9A1E7A4F7556}") = "DesignationOfRisers", "source\DesignationOfRisers\DesignationOfRisers.csproj", "{38981071-BF07-4A41-BF48-3DBB5ECDB9DA}"
EndProject
Project("{9A19103F-16F7-4668-BE54-9A1E7A4F7556}") = "PositionNumbering", "source\PositionNumbering\PositionNumbering.csproj", "{4ED3A94C-5998-4574-8FDE-11E00D66A764}"
EndProject
Project("{FAE04EC0-301F-11D3-BF4B-00C04F79EFBC}") = "ElementsTypicalFloor", "source\ElementsTypicalFloor\ElementsTypicalFloor.csproj", "{3BDF0163-EA05-4F60-8019-65603DFA6CA6}"
EndProject
Project("{FAE04EC0-301F-11D3-BF4B-00C04F79EFBC}") = "Marking", "source\Marking\Marking.csproj", "{F32F29E5-030F-4A5C-B402-97213CF67D2C}"
EndProject
Project("{FAE04EC0-301F-11D3-BF4B-00C04F79EFBC}") = "RoomsInSpaces", "source\RoomsInSpace\RoomsInSpaces.csproj", "{80CD98FD-4299-4DDC-8C25-ADDE853E6877}"
EndProject
Project("{FAE04EC0-301F-11D3-BF4B-00C04F79EFBC}") = "MepElementsCopy", "source\MepElementsCopy\MepElementsCopy.csproj", "{CEF2E600-063B-4E53-BDC3-0359C00439CD}"
EndProject
Project("{FAE04EC0-301F-11D3-BF4B-00C04F79EFBC}") = "NumberingOfRisers", "source\NumberingOfRisers\NumberingOfRisers.csproj", "{B1654077-D051-424E-98B9-3EEBC5409631}"
EndProject
Project("{FAE04EC0-301F-11D3-BF4B-00C04F79EFBC}") = "MakeBreak", "source\MakeBreak\MakeBreak.csproj", "{7E47F97F-971B-4732-9F15-604D7BF5AA38}"
EndProject
Project("{2150E333-8FDC-42A3-9474-1A3956D46DE8}") = "Other", "Other", "{71D8999F-E3B0-4E5B-A038-D4E6A12B4870}"
EndProject
Project("{FAE04EC0-301F-11D3-BF4B-00C04F79EFBC}") = "SetNearestLevelBelow", "source\SetNearestLevelBelow\SetNearestLevelBelow.csproj", "{44A0A2C8-BF4E-4571-A6F8-DEF2E7F96F98}"
EndProject
Project("{FAE04EC0-301F-11D3-BF4B-00C04F79EFBC}") = "RevitAddIn2", "source\RevitAddIn2\RevitAddIn2.csproj", "{EF7D7F53-055A-414C-95CB-8A04AE52C98E}"
EndProject
Project("{FAE04EC0-301F-11D3-BF4B-00C04F79EFBC}") = "LastAllocation", "source\LastAllocation\LastAllocation.csproj", "{DDC88F9B-7425-4FAB-9E8C-6CF0BCF5C7BD}"
EndProject
Project("{FAE04EC0-301F-11D3-BF4B-00C04F79EFBC}") = "CopyAnnotations", "source\CopyAnnotations\CopyAnnotations.csproj", "{F264904D-8AB9-4A48-A179-72D3763335C7}"
EndProject
Global
	GlobalSection(SolutionConfigurationPlatforms) = preSolution
		
		Debug R24|Any CPU = Debug R24|Any CPU
		Debug R25|Any CPU = Debug R25|Any CPU
		Debug R26|Any CPU = Debug R26|Any CPU
		
		
		Release R24|Any CPU = Release R24|Any CPU
		Release R25|Any CPU = Release R25|Any CPU
		Release R26|Any CPU = Release R26|Any CPU
		
	EndGlobalSection
	GlobalSection(ProjectConfigurationPlatforms) = postSolution
		{F2283ACA-E64F-4FB4-A090-C28D15328A00}.Debug R24|Any CPU.ActiveCfg = Debug|Any CPU
		{F2283ACA-E64F-4FB4-A090-C28D15328A00}.Debug R25|Any CPU.ActiveCfg = Debug|Any CPU
		{F2283ACA-E64F-4FB4-A090-C28D15328A00}.Debug R26|Any CPU.ActiveCfg = Debug|Any CPU
		{F2283ACA-E64F-4FB4-A090-C28D15328A00}.Release R24|Any CPU.ActiveCfg = Release|Any CPU
		{F2283ACA-E64F-4FB4-A090-C28D15328A00}.Release R25|Any CPU.ActiveCfg = Release|Any CPU
		{F2283ACA-E64F-4FB4-A090-C28D15328A00}.Release R26|Any CPU.ActiveCfg = Release|Any CPU
		{AF046DFE-3F0F-4582-87AB-541992E5C234}.Debug R24|Any CPU.ActiveCfg = Debug|Any CPU
		{AF046DFE-3F0F-4582-87AB-541992E5C234}.Debug R25|Any CPU.ActiveCfg = Debug|Any CPU
		{AF046DFE-3F0F-4582-87AB-541992E5C234}.Debug R26|Any CPU.ActiveCfg = Debug|Any CPU
		{AF046DFE-3F0F-4582-87AB-541992E5C234}.Release R24|Any CPU.ActiveCfg = Release|Any CPU
		{AF046DFE-3F0F-4582-87AB-541992E5C234}.Release R25|Any CPU.ActiveCfg = Release|Any CPU
		{AF046DFE-3F0F-4582-87AB-541992E5C234}.Release R26|Any CPU.ActiveCfg = Release|Any CPU
		{38981071-BF07-4A41-BF48-3DBB5ECDB9DA}.Debug R25|Any CPU.ActiveCfg = Debug R25|Any CPU
		{38981071-BF07-4A41-BF48-3DBB5ECDB9DA}.Debug R25|Any CPU.Build.0 = Debug R25|Any CPU
		{38981071-BF07-4A41-BF48-3DBB5ECDB9DA}.Debug R24|Any CPU.ActiveCfg = Debug R24|Any CPU
		{38981071-BF07-4A41-BF48-3DBB5ECDB9DA}.Debug R24|Any CPU.Build.0 = Debug R24|Any CPU
		{38981071-BF07-4A41-BF48-3DBB5ECDB9DA}.Release R24|Any CPU.ActiveCfg = Release R24|Any CPU
		{38981071-BF07-4A41-BF48-3DBB5ECDB9DA}.Release R24|Any CPU.Build.0 = Release R24|Any CPU
		{38981071-BF07-4A41-BF48-3DBB5ECDB9DA}.Release R25|Any CPU.ActiveCfg = Release R25|Any CPU
		{38981071-BF07-4A41-BF48-3DBB5ECDB9DA}.Release R25|Any CPU.Build.0 = Release R25|Any CPU
		{38981071-BF07-4A41-BF48-3DBB5ECDB9DA}.Debug R26|Any CPU.ActiveCfg = Debug R26|Any CPU
		{38981071-BF07-4A41-BF48-3DBB5ECDB9DA}.Debug R26|Any CPU.Build.0 = Debug R26|Any CPU
		{38981071-BF07-4A41-BF48-3DBB5ECDB9DA}.Release R26|Any CPU.ActiveCfg = Release R26|Any CPU
		{38981071-BF07-4A41-BF48-3DBB5ECDB9DA}.Release R26|Any CPU.Build.0 = Release R26|Any CPU
		{3BDF0163-EA05-4F60-8019-65603DFA6CA6}.Debug R25|Any CPU.ActiveCfg = Debug R25|Any CPU
		{3BDF0163-EA05-4F60-8019-65603DFA6CA6}.Debug R25|Any CPU.Build.0 = Debug R25|Any CPU
		{3BDF0163-EA05-4F60-8019-65603DFA6CA6}.Debug R24|Any CPU.ActiveCfg = Debug R24|Any CPU
		{3BDF0163-EA05-4F60-8019-65603DFA6CA6}.Debug R24|Any CPU.Build.0 = Debug R24|Any CPU
		{3BDF0163-EA05-4F60-8019-65603DFA6CA6}.Release R24|Any CPU.ActiveCfg = Release R24|Any CPU
		{3BDF0163-EA05-4F60-8019-65603DFA6CA6}.Release R24|Any CPU.Build.0 = Release R24|Any CPU
		{3BDF0163-EA05-4F60-8019-65603DFA6CA6}.Release R25|Any CPU.ActiveCfg = Release R25|Any CPU
		{3BDF0163-EA05-4F60-8019-65603DFA6CA6}.Release R25|Any CPU.Build.0 = Release R25|Any CPU
		{3BDF0163-EA05-4F60-8019-65603DFA6CA6}.Debug R26|Any CPU.ActiveCfg = Debug R26|Any CPU
		{3BDF0163-EA05-4F60-8019-65603DFA6CA6}.Debug R26|Any CPU.Build.0 = Debug R26|Any CPU
		{3BDF0163-EA05-4F60-8019-65603DFA6CA6}.Release R26|Any CPU.ActiveCfg = Release R26|Any CPU
		{3BDF0163-EA05-4F60-8019-65603DFA6CA6}.Release R26|Any CPU.Build.0 = Release R26|Any CPU
		{7E47F97F-971B-4732-9F15-604D7BF5AA38}.Debug R25|Any CPU.ActiveCfg = Debug R25|Any CPU
		{7E47F97F-971B-4732-9F15-604D7BF5AA38}.Debug R25|Any CPU.Build.0 = Debug R25|Any CPU
		{7E47F97F-971B-4732-9F15-604D7BF5AA38}.Debug R24|Any CPU.ActiveCfg = Debug R24|Any CPU
		{7E47F97F-971B-4732-9F15-604D7BF5AA38}.Debug R24|Any CPU.Build.0 = Debug R24|Any CPU
		{7E47F97F-971B-4732-9F15-604D7BF5AA38}.Release R24|Any CPU.ActiveCfg = Release R24|Any CPU
		{7E47F97F-971B-4732-9F15-604D7BF5AA38}.Release R24|Any CPU.Build.0 = Release R24|Any CPU
		{7E47F97F-971B-4732-9F15-604D7BF5AA38}.Release R25|Any CPU.ActiveCfg = Release R25|Any CPU
		{7E47F97F-971B-4732-9F15-604D7BF5AA38}.Release R25|Any CPU.Build.0 = Release R25|Any CPU
		{7E47F97F-971B-4732-9F15-604D7BF5AA38}.Debug R26|Any CPU.ActiveCfg = Debug R26|Any CPU
		{7E47F97F-971B-4732-9F15-604D7BF5AA38}.Debug R26|Any CPU.Build.0 = Debug R26|Any CPU
		{7E47F97F-971B-4732-9F15-604D7BF5AA38}.Release R26|Any CPU.ActiveCfg = Release R26|Any CPU
		{7E47F97F-971B-4732-9F15-604D7BF5AA38}.Release R26|Any CPU.Build.0 = Release R26|Any CPU
		{F32F29E5-030F-4A5C-B402-97213CF67D2C}.Debug R25|Any CPU.ActiveCfg = Debug R25|Any CPU
		{F32F29E5-030F-4A5C-B402-97213CF67D2C}.Debug R25|Any CPU.Build.0 = Debug R25|Any CPU
		{F32F29E5-030F-4A5C-B402-97213CF67D2C}.Debug R24|Any CPU.ActiveCfg = Debug R24|Any CPU
		{F32F29E5-030F-4A5C-B402-97213CF67D2C}.Debug R24|Any CPU.Build.0 = Debug R24|Any CPU
		{F32F29E5-030F-4A5C-B402-97213CF67D2C}.Release R24|Any CPU.ActiveCfg = Release R24|Any CPU
		{F32F29E5-030F-4A5C-B402-97213CF67D2C}.Release R24|Any CPU.Build.0 = Release R24|Any CPU
		{F32F29E5-030F-4A5C-B402-97213CF67D2C}.Release R25|Any CPU.ActiveCfg = Release R25|Any CPU
		{F32F29E5-030F-4A5C-B402-97213CF67D2C}.Release R25|Any CPU.Build.0 = Release R25|Any CPU
		{F32F29E5-030F-4A5C-B402-97213CF67D2C}.Debug R26|Any CPU.ActiveCfg = Debug R26|Any CPU
		{F32F29E5-030F-4A5C-B402-97213CF67D2C}.Debug R26|Any CPU.Build.0 = Debug R26|Any CPU
		{F32F29E5-030F-4A5C-B402-97213CF67D2C}.Release R26|Any CPU.ActiveCfg = Release R26|Any CPU
		{F32F29E5-030F-4A5C-B402-97213CF67D2C}.Release R26|Any CPU.Build.0 = Release R26|Any CPU
		{CEF2E600-063B-4E53-BDC3-0359C00439CD}.Debug R25|Any CPU.ActiveCfg = Debug R25|Any CPU
		{CEF2E600-063B-4E53-BDC3-0359C00439CD}.Debug R25|Any CPU.Build.0 = Debug R25|Any CPU
		{CEF2E600-063B-4E53-BDC3-0359C00439CD}.Debug R24|Any CPU.ActiveCfg = Debug R24|Any CPU
		{CEF2E600-063B-4E53-BDC3-0359C00439CD}.Debug R24|Any CPU.Build.0 = Debug R24|Any CPU
		{CEF2E600-063B-4E53-BDC3-0359C00439CD}.Release R24|Any CPU.ActiveCfg = Release R24|Any CPU
		{CEF2E600-063B-4E53-BDC3-0359C00439CD}.Release R24|Any CPU.Build.0 = Release R24|Any CPU
		{CEF2E600-063B-4E53-BDC3-0359C00439CD}.Release R25|Any CPU.ActiveCfg = Release R25|Any CPU
		{CEF2E600-063B-4E53-BDC3-0359C00439CD}.Release R25|Any CPU.Build.0 = Release R25|Any CPU
		{CEF2E600-063B-4E53-BDC3-0359C00439CD}.Debug R26|Any CPU.ActiveCfg = Debug R26|Any CPU
		{CEF2E600-063B-4E53-BDC3-0359C00439CD}.Debug R26|Any CPU.Build.0 = Debug R26|Any CPU
		{CEF2E600-063B-4E53-BDC3-0359C00439CD}.Release R26|Any CPU.ActiveCfg = Release R26|Any CPU
		{CEF2E600-063B-4E53-BDC3-0359C00439CD}.Release R26|Any CPU.Build.0 = Release R26|Any CPU
		{1F2B9DDF-EB2F-4845-AB30-23F3CD9E7CAE}.Debug R25|Any CPU.ActiveCfg = Debug R25|Any CPU
		{1F2B9DDF-EB2F-4845-AB30-23F3CD9E7CAE}.Debug R25|Any CPU.Build.0 = Debug R25|Any CPU
		{1F2B9DDF-EB2F-4845-AB30-23F3CD9E7CAE}.Debug R24|Any CPU.ActiveCfg = Debug R24|Any CPU
		{1F2B9DDF-EB2F-4845-AB30-23F3CD9E7CAE}.Debug R24|Any CPU.Build.0 = Debug R24|Any CPU
		{1F2B9DDF-EB2F-4845-AB30-23F3CD9E7CAE}.Release R24|Any CPU.ActiveCfg = Release R24|Any CPU
		{1F2B9DDF-EB2F-4845-AB30-23F3CD9E7CAE}.Release R24|Any CPU.Build.0 = Release R24|Any CPU
		{1F2B9DDF-EB2F-4845-AB30-23F3CD9E7CAE}.Release R25|Any CPU.ActiveCfg = Release R25|Any CPU
		{1F2B9DDF-EB2F-4845-AB30-23F3CD9E7CAE}.Release R25|Any CPU.Build.0 = Release R25|Any CPU
		{1F2B9DDF-EB2F-4845-AB30-23F3CD9E7CAE}.Debug R26|Any CPU.ActiveCfg = Debug R26|Any CPU
		{1F2B9DDF-EB2F-4845-AB30-23F3CD9E7CAE}.Debug R26|Any CPU.Build.0 = Debug R26|Any CPU
		{1F2B9DDF-EB2F-4845-AB30-23F3CD9E7CAE}.Release R26|Any CPU.ActiveCfg = Release R26|Any CPU
		{1F2B9DDF-EB2F-4845-AB30-23F3CD9E7CAE}.Release R26|Any CPU.Build.0 = Release R26|Any CPU
		{B1654077-D051-424E-98B9-3EEBC5409631}.Debug R25|Any CPU.ActiveCfg = Debug R25|Any CPU
		{B1654077-D051-424E-98B9-3EEBC5409631}.Debug R25|Any CPU.Build.0 = Debug R25|Any CPU
		{B1654077-D051-424E-98B9-3EEBC5409631}.Debug R24|Any CPU.ActiveCfg = Debug R24|Any CPU
		{B1654077-D051-424E-98B9-3EEBC5409631}.Debug R24|Any CPU.Build.0 = Debug R24|Any CPU
		{B1654077-D051-424E-98B9-3EEBC5409631}.Release R24|Any CPU.ActiveCfg = Release R24|Any CPU
		{B1654077-D051-424E-98B9-3EEBC5409631}.Release R24|Any CPU.Build.0 = Release R24|Any CPU
		{B1654077-D051-424E-98B9-3EEBC5409631}.Release R25|Any CPU.ActiveCfg = Release R25|Any CPU
		{B1654077-D051-424E-98B9-3EEBC5409631}.Release R25|Any CPU.Build.0 = Release R25|Any CPU
		{B1654077-D051-424E-98B9-3EEBC5409631}.Debug R26|Any CPU.ActiveCfg = Debug R26|Any CPU
		{B1654077-D051-424E-98B9-3EEBC5409631}.Debug R26|Any CPU.Build.0 = Debug R26|Any CPU
		{B1654077-D051-424E-98B9-3EEBC5409631}.Release R26|Any CPU.ActiveCfg = Release R26|Any CPU
		{B1654077-D051-424E-98B9-3EEBC5409631}.Release R26|Any CPU.Build.0 = Release R26|Any CPU
		{4ED3A94C-5998-4574-8FDE-11E00D66A764}.Debug R25|Any CPU.ActiveCfg = Debug R25|Any CPU
		{4ED3A94C-5998-4574-8FDE-11E00D66A764}.Debug R25|Any CPU.Build.0 = Debug R25|Any CPU
		{4ED3A94C-5998-4574-8FDE-11E00D66A764}.Debug R24|Any CPU.ActiveCfg = Debug R24|Any CPU
		{4ED3A94C-5998-4574-8FDE-11E00D66A764}.Debug R24|Any CPU.Build.0 = Debug R24|Any CPU
		{4ED3A94C-5998-4574-8FDE-11E00D66A764}.Release R24|Any CPU.ActiveCfg = Release R24|Any CPU
		{4ED3A94C-5998-4574-8FDE-11E00D66A764}.Release R24|Any CPU.Build.0 = Release R24|Any CPU
		{4ED3A94C-5998-4574-8FDE-11E00D66A764}.Release R25|Any CPU.ActiveCfg = Release R25|Any CPU
		{4ED3A94C-5998-4574-8FDE-11E00D66A764}.Release R25|Any CPU.Build.0 = Release R25|Any CPU
		{4ED3A94C-5998-4574-8FDE-11E00D66A764}.Debug R26|Any CPU.ActiveCfg = Debug R26|Any CPU
		{4ED3A94C-5998-4574-8FDE-11E00D66A764}.Debug R26|Any CPU.Build.0 = Debug R26|Any CPU
		{4ED3A94C-5998-4574-8FDE-11E00D66A764}.Release R26|Any CPU.ActiveCfg = Release R26|Any CPU
		{4ED3A94C-5998-4574-8FDE-11E00D66A764}.Release R26|Any CPU.Build.0 = Release R26|Any CPU
		{80CD98FD-4299-4DDC-8C25-ADDE853E6877}.Debug R25|Any CPU.ActiveCfg = Debug R25|Any CPU
		{80CD98FD-4299-4DDC-8C25-ADDE853E6877}.Debug R25|Any CPU.Build.0 = Debug R25|Any CPU
		{80CD98FD-4299-4DDC-8C25-ADDE853E6877}.Debug R24|Any CPU.ActiveCfg = Debug R24|Any CPU
		{80CD98FD-4299-4DDC-8C25-ADDE853E6877}.Debug R24|Any CPU.Build.0 = Debug R24|Any CPU
		{80CD98FD-4299-4DDC-8C25-ADDE853E6877}.Release R24|Any CPU.ActiveCfg = Release R24|Any CPU
		{80CD98FD-4299-4DDC-8C25-ADDE853E6877}.Release R24|Any CPU.Build.0 = Release R24|Any CPU
		{80CD98FD-4299-4DDC-8C25-ADDE853E6877}.Release R25|Any CPU.ActiveCfg = Release R25|Any CPU
		{80CD98FD-4299-4DDC-8C25-ADDE853E6877}.Release R25|Any CPU.Build.0 = Release R25|Any CPU
		{80CD98FD-4299-4DDC-8C25-ADDE853E6877}.Debug R26|Any CPU.ActiveCfg = Debug R26|Any CPU
		{80CD98FD-4299-4DDC-8C25-ADDE853E6877}.Debug R26|Any CPU.Build.0 = Debug R26|Any CPU
		{80CD98FD-4299-4DDC-8C25-ADDE853E6877}.Release R26|Any CPU.ActiveCfg = Release R26|Any CPU
		{80CD98FD-4299-4DDC-8C25-ADDE853E6877}.Release R26|Any CPU.Build.0 = Release R26|Any CPU
		{2F95F98D-B177-4726-A7B8-3F4FF3B760AA}.Debug R25|Any CPU.ActiveCfg = Debug R25|Any CPU
		{2F95F98D-B177-4726-A7B8-3F4FF3B760AA}.Debug R25|Any CPU.Build.0 = Debug R25|Any CPU
		{2F95F98D-B177-4726-A7B8-3F4FF3B760AA}.Debug R24|Any CPU.ActiveCfg = Debug R24|Any CPU
		{2F95F98D-B177-4726-A7B8-3F4FF3B760AA}.Debug R24|Any CPU.Build.0 = Debug R24|Any CPU
		{2F95F98D-B177-4726-A7B8-3F4FF3B760AA}.Release R24|Any CPU.ActiveCfg = Release R24|Any CPU
		{2F95F98D-B177-4726-A7B8-3F4FF3B760AA}.Release R24|Any CPU.Build.0 = Release R24|Any CPU
		{2F95F98D-B177-4726-A7B8-3F4FF3B760AA}.Release R25|Any CPU.ActiveCfg = Release R25|Any CPU
		{2F95F98D-B177-4726-A7B8-3F4FF3B760AA}.Release R25|Any CPU.Build.0 = Release R25|Any CPU
		{2F95F98D-B177-4726-A7B8-3F4FF3B760AA}.Debug R26|Any CPU.ActiveCfg = Debug R26|Any CPU
		{2F95F98D-B177-4726-A7B8-3F4FF3B760AA}.Debug R26|Any CPU.Build.0 = Debug R26|Any CPU
		{2F95F98D-B177-4726-A7B8-3F4FF3B760AA}.Release R26|Any CPU.ActiveCfg = Release R26|Any CPU
		{2F95F98D-B177-4726-A7B8-3F4FF3B760AA}.Release R26|Any CPU.Build.0 = Release R26|Any CPU
		{AE5379E9-F63E-4C72-8BE9-9AABB4E8EF5D}.Debug R25|Any CPU.ActiveCfg = Debug R25|Any CPU
		{AE5379E9-F63E-4C72-8BE9-9AABB4E8EF5D}.Debug R25|Any CPU.Build.0 = Debug R25|Any CPU
		{AE5379E9-F63E-4C72-8BE9-9AABB4E8EF5D}.Release R24|Any CPU.ActiveCfg = Release R24|Any CPU
		{AE5379E9-F63E-4C72-8BE9-9AABB4E8EF5D}.Release R24|Any CPU.Build.0 = Release R24|Any CPU
		{AE5379E9-F63E-4C72-8BE9-9AABB4E8EF5D}.Release R25|Any CPU.ActiveCfg = Release R25|Any CPU
		{AE5379E9-F63E-4C72-8BE9-9AABB4E8EF5D}.Release R25|Any CPU.Build.0 = Release R25|Any CPU
		{AE5379E9-F63E-4C72-8BE9-9AABB4E8EF5D}.Debug R26|Any CPU.ActiveCfg = Debug R26|Any CPU
		{AE5379E9-F63E-4C72-8BE9-9AABB4E8EF5D}.Debug R26|Any CPU.Build.0 = Debug R26|Any CPU
		{AE5379E9-F63E-4C72-8BE9-9AABB4E8EF5D}.Release R26|Any CPU.ActiveCfg = Release R26|Any CPU
		{AE5379E9-F63E-4C72-8BE9-9AABB4E8EF5D}.Release R26|Any CPU.Build.0 = Release R26|Any CPU
		{D8682917-974C-4BD4-BC10-2BD72191A6B1}.Debug R25|Any CPU.ActiveCfg = Debug R25|Any CPU
		{D8682917-974C-4BD4-BC10-2BD72191A6B1}.Debug R25|Any CPU.Build.0 = Debug R25|Any CPU
		{D8682917-974C-4BD4-BC10-2BD72191A6B1}.Debug R24|Any CPU.ActiveCfg = Debug R24|Any CPU
		{D8682917-974C-4BD4-BC10-2BD72191A6B1}.Debug R24|Any CPU.Build.0 = Debug R24|Any CPU
		{D8682917-974C-4BD4-BC10-2BD72191A6B1}.Release R24|Any CPU.ActiveCfg = Release R24|Any CPU
		{D8682917-974C-4BD4-BC10-2BD72191A6B1}.Release R24|Any CPU.Build.0 = Release R24|Any CPU
		{D8682917-974C-4BD4-BC10-2BD72191A6B1}.Release R25|Any CPU.ActiveCfg = Release R25|Any CPU
		{D8682917-974C-4BD4-BC10-2BD72191A6B1}.Release R25|Any CPU.Build.0 = Release R25|Any CPU
		{D8682917-974C-4BD4-BC10-2BD72191A6B1}.Debug R26|Any CPU.ActiveCfg = Debug R26|Any CPU
		{D8682917-974C-4BD4-BC10-2BD72191A6B1}.Debug R26|Any CPU.Build.0 = Debug R26|Any CPU
		{D8682917-974C-4BD4-BC10-2BD72191A6B1}.Release R26|Any CPU.ActiveCfg = Release R26|Any CPU
		{D8682917-974C-4BD4-BC10-2BD72191A6B1}.Release R26|Any CPU.Build.0 = Release R26|Any CPU
		{44A0A2C8-BF4E-4571-A6F8-DEF2E7F96F98}.Debug R24|Any CPU.ActiveCfg = Debug R24|Any CPU
		{44A0A2C8-BF4E-4571-A6F8-DEF2E7F96F98}.Debug R24|Any CPU.Build.0 = Debug R24|Any CPU
		{44A0A2C8-BF4E-4571-A6F8-DEF2E7F96F98}.Debug R25|Any CPU.ActiveCfg = Debug R25|Any CPU
		{44A0A2C8-BF4E-4571-A6F8-DEF2E7F96F98}.Debug R25|Any CPU.Build.0 = Debug R25|Any CPU
		{44A0A2C8-BF4E-4571-A6F8-DEF2E7F96F98}.Debug R26|Any CPU.ActiveCfg = Debug R26|Any CPU
		{44A0A2C8-BF4E-4571-A6F8-DEF2E7F96F98}.Debug R26|Any CPU.Build.0 = Debug R26|Any CPU
		{44A0A2C8-BF4E-4571-A6F8-DEF2E7F96F98}.Release R24|Any CPU.ActiveCfg = Release R24|Any CPU
		{44A0A2C8-BF4E-4571-A6F8-DEF2E7F96F98}.Release R24|Any CPU.Build.0 = Release R24|Any CPU
		{44A0A2C8-BF4E-4571-A6F8-DEF2E7F96F98}.Release R25|Any CPU.ActiveCfg = Release R25|Any CPU
		{44A0A2C8-BF4E-4571-A6F8-DEF2E7F96F98}.Release R25|Any CPU.Build.0 = Release R25|Any CPU
		{44A0A2C8-BF4E-4571-A6F8-DEF2E7F96F98}.Release R26|Any CPU.ActiveCfg = Release R26|Any CPU
		{44A0A2C8-BF4E-4571-A6F8-DEF2E7F96F98}.Release R26|Any CPU.Build.0 = Release R26|Any CPU
		{EF7D7F53-055A-414C-95CB-8A04AE52C98E}.Debug R24|Any CPU.ActiveCfg = Debug R24|Any CPU
		{EF7D7F53-055A-414C-95CB-8A04AE52C98E}.Debug R24|Any CPU.Build.0 = Debug R24|Any CPU
		{EF7D7F53-055A-414C-95CB-8A04AE52C98E}.Debug R25|Any CPU.ActiveCfg = Debug R25|Any CPU
		{EF7D7F53-055A-414C-95CB-8A04AE52C98E}.Debug R25|Any CPU.Build.0 = Debug R25|Any CPU
		{EF7D7F53-055A-414C-95CB-8A04AE52C98E}.Debug R26|Any CPU.ActiveCfg = Debug R26|Any CPU
		{EF7D7F53-055A-414C-95CB-8A04AE52C98E}.Debug R26|Any CPU.Build.0 = Debug R26|Any CPU
		{EF7D7F53-055A-414C-95CB-8A04AE52C98E}.Release R24|Any CPU.ActiveCfg = Release R24|Any CPU
		{EF7D7F53-055A-414C-95CB-8A04AE52C98E}.Release R24|Any CPU.Build.0 = Release R24|Any CPU
		{EF7D7F53-055A-414C-95CB-8A04AE52C98E}.Release R25|Any CPU.ActiveCfg = Release R25|Any CPU
		{EF7D7F53-055A-414C-95CB-8A04AE52C98E}.Release R25|Any CPU.Build.0 = Release R25|Any CPU
		{EF7D7F53-055A-414C-95CB-8A04AE52C98E}.Release R26|Any CPU.ActiveCfg = Release R26|Any CPU
		{EF7D7F53-055A-414C-95CB-8A04AE52C98E}.Release R26|Any CPU.Build.0 = Release R26|Any CPU
		{DDC88F9B-7425-4FAB-9E8C-6CF0BCF5C7BD}.Debug R24|Any CPU.ActiveCfg = Debug R24|Any CPU
		{DDC88F9B-7425-4FAB-9E8C-6CF0BCF5C7BD}.Debug R24|Any CPU.Build.0 = Debug R24|Any CPU
		{DDC88F9B-7425-4FAB-9E8C-6CF0BCF5C7BD}.Debug R25|Any CPU.ActiveCfg = Debug R25|Any CPU
		{DDC88F9B-7425-4FAB-9E8C-6CF0BCF5C7BD}.Debug R25|Any CPU.Build.0 = Debug R25|Any CPU
		{DDC88F9B-7425-4FAB-9E8C-6CF0BCF5C7BD}.Debug R26|Any CPU.ActiveCfg = Debug R26|Any CPU
		{DDC88F9B-7425-4FAB-9E8C-6CF0BCF5C7BD}.Debug R26|Any CPU.Build.0 = Debug R26|Any CPU
		{DDC88F9B-7425-4FAB-9E8C-6CF0BCF5C7BD}.Release R24|Any CPU.ActiveCfg = Release R24|Any CPU
		{DDC88F9B-7425-4FAB-9E8C-6CF0BCF5C7BD}.Release R24|Any CPU.Build.0 = Release R24|Any CPU
		{DDC88F9B-7425-4FAB-9E8C-6CF0BCF5C7BD}.Release R25|Any CPU.ActiveCfg = Release R25|Any CPU
		{DDC88F9B-7425-4FAB-9E8C-6CF0BCF5C7BD}.Release R25|Any CPU.Build.0 = Release R25|Any CPU
		{DDC88F9B-7425-4FAB-9E8C-6CF0BCF5C7BD}.Release R26|Any CPU.ActiveCfg = Release R26|Any CPU
		{DDC88F9B-7425-4FAB-9E8C-6CF0BCF5C7BD}.Release R26|Any CPU.Build.0 = Release R26|Any CPU
		{F264904D-8AB9-4A48-A179-72D3763335C7}.Debug R24|Any CPU.ActiveCfg = Debug R24|Any CPU
		{F264904D-8AB9-4A48-A179-72D3763335C7}.Debug R24|Any CPU.Build.0 = Debug R24|Any CPU
		{F264904D-8AB9-4A48-A179-72D3763335C7}.Debug R25|Any CPU.ActiveCfg = Debug R25|Any CPU
		{F264904D-8AB9-4A48-A179-72D3763335C7}.Debug R25|Any CPU.Build.0 = Debug R25|Any CPU
		{F264904D-8AB9-4A48-A179-72D3763335C7}.Debug R26|Any CPU.ActiveCfg = Debug R26|Any CPU
		{F264904D-8AB9-4A48-A179-72D3763335C7}.Debug R26|Any CPU.Build.0 = Debug R26|Any CPU
		{F264904D-8AB9-4A48-A179-72D3763335C7}.Release R24|Any CPU.ActiveCfg = Release R24|Any CPU
		{F264904D-8AB9-4A48-A179-72D3763335C7}.Release R24|Any CPU.Build.0 = Release R24|Any CPU
		{F264904D-8AB9-4A48-A179-72D3763335C7}.Release R25|Any CPU.ActiveCfg = Release R25|Any CPU
		{F264904D-8AB9-4A48-A179-72D3763335C7}.Release R25|Any CPU.Build.0 = Release R25|Any CPU
		{F264904D-8AB9-4A48-A179-72D3763335C7}.Release R26|Any CPU.ActiveCfg = Release R26|Any CPU
		{F264904D-8AB9-4A48-A179-72D3763335C7}.Release R26|Any CPU.Build.0 = Release R26|Any CPU
	EndGlobalSection
		GlobalSection(NestedProjects) = preSolution
						{F2283ACA-E64F-4FB4-A090-C28D15328A00} = {B66E43AA-D6D4-4063-B932-6841A203B4B2}
						{AF046DFE-3F0F-4582-87AB-541992E5C234} = {B66E43AA-D6D4-4063-B932-6841A203B4B2}
			{2F95F98D-B177-4726-A7B8-3F4FF3B760AA} = {34A54EB0-B46A-42DE-A629-A14640AB9F79}
			{CEF2E600-063B-4E53-BDC3-0359C00439CD} = {34A54EB0-B46A-42DE-A629-A14640AB9F79}
			{4ED3A94C-5998-4574-8FDE-11E00D66A764} = {C1F24C26-4969-4A7E-9068-40EFF31B1694}
			{80CD98FD-4299-4DDC-8C25-ADDE853E6877} = {34A54EB0-B46A-42DE-A629-A14640AB9F79}
			{38981071-BF07-4A41-BF48-3DBB5ECDB9DA} = {AEBDA93E-2124-470A-8AC7-AA3D226A157B}
			{3BDF0163-EA05-4F60-8019-65603DFA6CA6} = {C1F24C26-4969-4A7E-9068-40EFF31B1694}
			{7E47F97F-971B-4732-9F15-604D7BF5AA38} = {AEBDA93E-2124-470A-8AC7-AA3D226A157B}
			{F32F29E5-030F-4A5C-B402-97213CF67D2C} = {AEBDA93E-2124-470A-8AC7-AA3D226A157B}
			{B1654077-D051-424E-98B9-3EEBC5409631} = {AEBDA93E-2124-470A-8AC7-AA3D226A157B}
			{AE5379E9-F63E-4C72-8BE9-9AABB4E8EF5D} = {C1F24C26-4969-4A7E-9068-40EFF31B1694}
			{1F2B9DDF-EB2F-4845-AB30-23F3CD9E7CAE} = {770560F6-AC3C-4FFD-A400-A07322608C68}
			{D8682917-974C-4BD4-BC10-2BD72191A6B1} = {AEBDA93E-2124-470A-8AC7-AA3D226A157B}
			{44A0A2C8-BF4E-4571-A6F8-DEF2E7F96F98} = {71D8999F-E3B0-4E5B-A038-D4E6A12B4870}
			{DDC88F9B-7425-4FAB-9E8C-6CF0BCF5C7BD} = {71D8999F-E3B0-4E5B-A038-D4E6A12B4870}
			{F264904D-8AB9-4A48-A179-72D3763335C7} = {AEBDA93E-2124-470A-8AC7-AA3D226A157B}
		EndGlobalSection
EndGlobal
